// !$*UTF8*$!
{
	archiveVersion = 1;
	classes = {
	};
	objectVersion = 56;
	objects = {

/* Begin PBXBuildFile section */
		CC040C542AE1407600D4D2D6 /* Flora_s_GardenApp.swift in Sources */ = {isa = PBXBuildFile; fileRef = CC040C532AE1407600D4D2D6 /* Flora_s_GardenApp.swift */; };
		CC040C582AE1407700D4D2D6 /* Assets.xcassets in Resources */ = {isa = PBXBuildFile; fileRef = CC040C572AE1407700D4D2D6 /* Assets.xcassets */; };
		CC040C5B2AE1407700D4D2D6 /* Preview Assets.xcassets in Resources */ = {isa = PBXBuildFile; fileRef = CC040C5A2AE1407700D4D2D6 /* Preview Assets.xcassets */; };
		CC040C622AE1414E00D4D2D6 /* MainMenuView.swift in Sources */ = {isa = PBXBuildFile; fileRef = CC040C612AE1414E00D4D2D6 /* MainMenuView.swift */; };
		CC040C642AE2879C00D4D2D6 /* CreditsView.swift in Sources */ = {isa = PBXBuildFile; fileRef = CC040C632AE2879C00D4D2D6 /* CreditsView.swift */; };
		CC262DDA2AEED86C008F8569 /* kitchenItem Model.swift in Sources */ = {isa = PBXBuildFile; fileRef = CC262DD92AEED86C008F8569 /* kitchenItem Model.swift */; };
		CC262DDC2AEED98F008F8569 /* kitchenItemViewModel.swift in Sources */ = {isa = PBXBuildFile; fileRef = CC262DDB2AEED98F008F8569 /* kitchenItemViewModel.swift */; };
		CCF3632B2AE67C1600362C5D /* KitchenView.swift in Sources */ = {isa = PBXBuildFile; fileRef = CCF3632A2AE67C1600362C5D /* KitchenView.swift */; };
/* End PBXBuildFile section */

/* Begin PBXFileReference section */
		CC040C502AE1407600D4D2D6 /* Flora's Garden.app */ = {isa = PBXFileReference; explicitFileType = wrapper.application; includeInIndex = 0; path = "Flora's Garden.app"; sourceTree = BUILT_PRODUCTS_DIR; };
		CC040C532AE1407600D4D2D6 /* Flora_s_GardenApp.swift */ = {isa = PBXFileReference; lastKnownFileType = sourcecode.swift; path = Flora_s_GardenApp.swift; sourceTree = "<group>"; };
		CC040C572AE1407700D4D2D6 /* Assets.xcassets */ = {isa = PBXFileReference; lastKnownFileType = folder.assetcatalog; path = Assets.xcassets; sourceTree = "<group>"; };
		CC040C5A2AE1407700D4D2D6 /* Preview Assets.xcassets */ = {isa = PBXFileReference; lastKnownFileType = folder.assetcatalog; path = "Preview Assets.xcassets"; sourceTree = "<group>"; };
		CC040C612AE1414E00D4D2D6 /* MainMenuView.swift */ = {isa = PBXFileReference; lastKnownFileType = sourcecode.swift; path = MainMenuView.swift; sourceTree = "<group>"; };
		CC040C632AE2879C00D4D2D6 /* CreditsView.swift */ = {isa = PBXFileReference; lastKnownFileType = sourcecode.swift; path = CreditsView.swift; sourceTree = "<group>"; };
		CC262DD92AEED86C008F8569 /* kitchenItem Model.swift */ = {isa = PBXFileReference; lastKnownFileType = sourcecode.swift; path = "kitchenItem Model.swift"; sourceTree = "<group>"; };
		CC262DDB2AEED98F008F8569 /* kitchenItemViewModel.swift */ = {isa = PBXFileReference; lastKnownFileType = sourcecode.swift; path = kitchenItemViewModel.swift; sourceTree = "<group>"; };
		CCF3632A2AE67C1600362C5D /* KitchenView.swift */ = {isa = PBXFileReference; lastKnownFileType = sourcecode.swift; path = KitchenView.swift; sourceTree = "<group>"; };
/* End PBXFileReference section */

/* Begin PBXFrameworksBuildPhase section */
		CC040C4D2AE1407600D4D2D6 /* Frameworks */ = {
			isa = PBXFrameworksBuildPhase;
			buildActionMask = 2147483647;
			files = (
			);
			runOnlyForDeploymentPostprocessing = 0;
		};
/* End PBXFrameworksBuildPhase section */

/* Begin PBXGroup section */
		CC040C472AE1407600D4D2D6 = {
			isa = PBXGroup;
			children = (
				CC040C522AE1407600D4D2D6 /* Flora's Garden */,
				CC040C512AE1407600D4D2D6 /* Products */,
			);
			sourceTree = "<group>";
		};
		CC040C512AE1407600D4D2D6 /* Products */ = {
			isa = PBXGroup;
			children = (
				CC040C502AE1407600D4D2D6 /* Flora's Garden.app */,
			);
			name = Products;
			sourceTree = "<group>";
		};
		CC040C522AE1407600D4D2D6 /* Flora's Garden */ = {
			isa = PBXGroup;
			children = (
				CC040C532AE1407600D4D2D6 /* Flora_s_GardenApp.swift */,
				CC040C612AE1414E00D4D2D6 /* MainMenuView.swift */,
				CC040C632AE2879C00D4D2D6 /* CreditsView.swift */,
				CCF3632A2AE67C1600362C5D /* KitchenView.swift */,
				CC040C572AE1407700D4D2D6 /* Assets.xcassets */,
				CC040C592AE1407700D4D2D6 /* Preview Content */,
				CC262DD92AEED86C008F8569 /* kitchenItem Model.swift */,
				CC262DDB2AEED98F008F8569 /* kitchenItemViewModel.swift */,
			);
			path = "Flora's Garden";
			sourceTree = "<group>";
		};
		CC040C592AE1407700D4D2D6 /* Preview Content */ = {
			isa = PBXGroup;
			children = (
				CC040C5A2AE1407700D4D2D6 /* Preview Assets.xcassets */,
			);
			path = "Preview Content";
			sourceTree = "<group>";
		};
/* End PBXGroup section */

/* Begin PBXNativeTarget section */
		CC040C4F2AE1407600D4D2D6 /* Flora's Garden */ = {
			isa = PBXNativeTarget;
			buildConfigurationList = CC040C5E2AE1407700D4D2D6 /* Build configuration list for PBXNativeTarget "Flora's Garden" */;
			buildPhases = (
				CC040C4C2AE1407600D4D2D6 /* Sources */,
				CC040C4D2AE1407600D4D2D6 /* Frameworks */,
				CC040C4E2AE1407600D4D2D6 /* Resources */,
			);
			buildRules = (
			);
			dependencies = (
			);
			name = "Flora's Garden";
			productName = "Flora's Garden";
			productReference = CC040C502AE1407600D4D2D6 /* Flora's Garden.app */;
			productType = "com.apple.product-type.application";
		};
/* End PBXNativeTarget section */

/* Begin PBXProject section */
		CC040C482AE1407600D4D2D6 /* Project object */ = {
			isa = PBXProject;
			attributes = {
				BuildIndependentTargetsInParallel = 1;
				LastSwiftUpdateCheck = 1500;
				LastUpgradeCheck = 1500;
				TargetAttributes = {
					CC040C4F2AE1407600D4D2D6 = {
						CreatedOnToolsVersion = 15.0;
					};
				};
			};
			buildConfigurationList = CC040C4B2AE1407600D4D2D6 /* Build configuration list for PBXProject "Flora's Garden" */;
			compatibilityVersion = "Xcode 14.0";
			developmentRegion = en;
			hasScannedForEncodings = 0;
			knownRegions = (
				en,
				Base,
			);
			mainGroup = CC040C472AE1407600D4D2D6;
			productRefGroup = CC040C512AE1407600D4D2D6 /* Products */;
			projectDirPath = "";
			projectRoot = "";
			targets = (
				CC040C4F2AE1407600D4D2D6 /* Flora's Garden */,
			);
		};
/* End PBXProject section */

/* Begin PBXResourcesBuildPhase section */
		CC040C4E2AE1407600D4D2D6 /* Resources */ = {
			isa = PBXResourcesBuildPhase;
			buildActionMask = 2147483647;
			files = (
				CC040C5B2AE1407700D4D2D6 /* Preview Assets.xcassets in Resources */,
				CC040C582AE1407700D4D2D6 /* Assets.xcassets in Resources */,
			);
			runOnlyForDeploymentPostprocessing = 0;
		};
/* End PBXResourcesBuildPhase section */

/* Begin PBXSourcesBuildPhase section */
		CC040C4C2AE1407600D4D2D6 /* Sources */ = {
			isa = PBXSourcesBuildPhase;
			buildActionMask = 2147483647;
			files = (
				CC262DDA2AEED86C008F8569 /* kitchenItem Model.swift in Sources */,
				CC040C622AE1414E00D4D2D6 /* MainMenuView.swift in Sources */,
				CCF3632B2AE67C1600362C5D /* KitchenView.swift in Sources */,
				CC040C642AE2879C00D4D2D6 /* CreditsView.swift in Sources */,
				CC262DDC2AEED98F008F8569 /* kitchenItemViewModel.swift in Sources */,
				CC040C542AE1407600D4D2D6 /* Flora_s_GardenApp.swift in Sources */,
			);
			runOnlyForDeploymentPostprocessing = 0;
		};
/* End PBXSourcesBuildPhase section */

/* Begin XCBuildConfiguration section */
		CC040C5C2AE1407700D4D2D6 /* Debug */ = {
			isa = XCBuildConfiguration;
			buildSettings = {
				ALWAYS_SEARCH_USER_PATHS = NO;
				ASSETCATALOG_COMPILER_GENERATE_SWIFT_ASSET_SYMBOL_EXTENSIONS = YES;
				CLANG_ANALYZER_NONNULL = YES;
				CLANG_ANALYZER_NUMBER_OBJECT_CONVERSION = YES_AGGRESSIVE;
				CLANG_CXX_LANGUAGE_STANDARD = "gnu++20";
				CLANG_ENABLE_MODULES = YES;
				CLANG_ENABLE_OBJC_ARC = YES;
				CLANG_ENABLE_OBJC_WEAK = YES;
				CLANG_WARN_BLOCK_CAPTURE_AUTORELEASING = YES;
				CLANG_WARN_BOOL_CONVERSION = YES;
				CLANG_WARN_COMMA = YES;
				CLANG_WARN_CONSTANT_CONVERSION = YES;
				CLANG_WARN_DEPRECATED_OBJC_IMPLEMENTATIONS = YES;
				CLANG_WARN_DIRECT_OBJC_ISA_USAGE = YES_ERROR;
				CLANG_WARN_DOCUMENTATION_COMMENTS = YES;
				CLANG_WARN_EMPTY_BODY = YES;
				CLANG_WARN_ENUM_CONVERSION = YES;
				CLANG_WARN_INFINITE_RECURSION = YES;
				CLANG_WARN_INT_CONVERSION = YES;
				CLANG_WARN_NON_LITERAL_NULL_CONVERSION = YES;
				CLANG_WARN_OBJC_IMPLICIT_RETAIN_SELF = YES;
				CLANG_WARN_OBJC_LITERAL_CONVERSION = YES;
				CLANG_WARN_OBJC_ROOT_CLASS = YES_ERROR;
				CLANG_WARN_QUOTED_INCLUDE_IN_FRAMEWORK_HEADER = YES;
				CLANG_WARN_RANGE_LOOP_ANALYSIS = YES;
				CLANG_WARN_STRICT_PROTOTYPES = YES;
				CLANG_WARN_SUSPICIOUS_MOVE = YES;
				CLANG_WARN_UNGUARDED_AVAILABILITY = YES_AGGRESSIVE;
				CLANG_WARN_UNREACHABLE_CODE = YES;
				CLANG_WARN__DUPLICATE_METHOD_MATCH = YES;
				COPY_PHASE_STRIP = NO;
				DEBUG_INFORMATION_FORMAT = dwarf;
				ENABLE_STRICT_OBJC_MSGSEND = YES;
				ENABLE_TESTABILITY = YES;
				ENABLE_USER_SCRIPT_SANDBOXING = YES;
				GCC_C_LANGUAGE_STANDARD = gnu17;
				GCC_DYNAMIC_NO_PIC = NO;
				GCC_NO_COMMON_BLOCKS = YES;
				GCC_OPTIMIZATION_LEVEL = 0;
				GCC_PREPROCESSOR_DEFINITIONS = (
					"DEBUG=1",
					"$(inherited)",
				);
				GCC_WARN_64_TO_32_BIT_CONVERSION = YES;
				GCC_WARN_ABOUT_RETURN_TYPE = YES_ERROR;
				GCC_WARN_UNDECLARED_SELECTOR = YES;
				GCC_WARN_UNINITIALIZED_AUTOS = YES_AGGRESSIVE;
				GCC_WARN_UNUSED_FUNCTION = YES;
				GCC_WARN_UNUSED_VARIABLE = YES;
				IPHONEOS_DEPLOYMENT_TARGET = 17.0;
				LOCALIZATION_PREFERS_STRING_CATALOGS = YES;
				MTL_ENABLE_DEBUG_INFO = INCLUDE_SOURCE;
				MTL_FAST_MATH = YES;
				ONLY_ACTIVE_ARCH = YES;
				SDKROOT = iphoneos;
				SWIFT_ACTIVE_COMPILATION_CONDITIONS = "DEBUG $(inherited)";
				SWIFT_OPTIMIZATION_LEVEL = "-Onone";
			};
			name = Debug;
		};
		CC040C5D2AE1407700D4D2D6 /* Release */ = {
			isa = XCBuildConfiguration;
			buildSettings = {
				ALWAYS_SEARCH_USER_PATHS = NO;
				ASSETCATALOG_COMPILER_GENERATE_SWIFT_ASSET_SYMBOL_EXTENSIONS = YES;
				CLANG_ANALYZER_NONNULL = YES;
				CLANG_ANALYZER_NUMBER_OBJECT_CONVERSION = YES_AGGRESSIVE;
				CLANG_CXX_LANGUAGE_STANDARD = "gnu++20";
				CLANG_ENABLE_MODULES = YES;
				CLANG_ENABLE_OBJC_ARC = YES;
				CLANG_ENABLE_OBJC_WEAK = YES;
				CLANG_WARN_BLOCK_CAPTURE_AUTORELEASING = YES;
				CLANG_WARN_BOOL_CONVERSION = YES;
				CLANG_WARN_COMMA = YES;
				CLANG_WARN_CONSTANT_CONVERSION = YES;
				CLANG_WARN_DEPRECATED_OBJC_IMPLEMENTATIONS = YES;
				CLANG_WARN_DIRECT_OBJC_ISA_USAGE = YES_ERROR;
				CLANG_WARN_DOCUMENTATION_COMMENTS = YES;
				CLANG_WARN_EMPTY_BODY = YES;
				CLANG_WARN_ENUM_CONVERSION = YES;
				CLANG_WARN_INFINITE_RECURSION = YES;
				CLANG_WARN_INT_CONVERSION = YES;
				CLANG_WARN_NON_LITERAL_NULL_CONVERSION = YES;
				CLANG_WARN_OBJC_IMPLICIT_RETAIN_SELF = YES;
				CLANG_WARN_OBJC_LITERAL_CONVERSION = YES;
				CLANG_WARN_OBJC_ROOT_CLASS = YES_ERROR;
				CLANG_WARN_QUOTED_INCLUDE_IN_FRAMEWORK_HEADER = YES;
				CLANG_WARN_RANGE_LOOP_ANALYSIS = YES;
				CLANG_WARN_STRICT_PROTOTYPES = YES;
				CLANG_WARN_SUSPICIOUS_MOVE = YES;
				CLANG_WARN_UNGUARDED_AVAILABILITY = YES_AGGRESSIVE;
				CLANG_WARN_UNREACHABLE_CODE = YES;
				CLANG_WARN__DUPLICATE_METHOD_MATCH = YES;
				COPY_PHASE_STRIP = NO;
				DEBUG_INFORMATION_FORMAT = "dwarf-with-dsym";
				ENABLE_NS_ASSERTIONS = NO;
				ENABLE_STRICT_OBJC_MSGSEND = YES;
				ENABLE_USER_SCRIPT_SANDBOXING = YES;
				GCC_C_LANGUAGE_STANDARD = gnu17;
				GCC_NO_COMMON_BLOCKS = YES;
				GCC_WARN_64_TO_32_BIT_CONVERSION = YES;
				GCC_WARN_ABOUT_RETURN_TYPE = YES_ERROR;
				GCC_WARN_UNDECLARED_SELECTOR = YES;
				GCC_WARN_UNINITIALIZED_AUTOS = YES_AGGRESSIVE;
				GCC_WARN_UNUSED_FUNCTION = YES;
				GCC_WARN_UNUSED_VARIABLE = YES;
				IPHONEOS_DEPLOYMENT_TARGET = 17.0;
				LOCALIZATION_PREFERS_STRING_CATALOGS = YES;
				MTL_ENABLE_DEBUG_INFO = NO;
				MTL_FAST_MATH = YES;
				SDKROOT = iphoneos;
				SWIFT_COMPILATION_MODE = wholemodule;
				VALIDATE_PRODUCT = YES;
			};
			name = Release;
		};
		CC040C5F2AE1407700D4D2D6 /* Debug */ = {
			isa = XCBuildConfiguration;
			buildSettings = {
				ASSETCATALOG_COMPILER_APPICON_NAME = AppIcon;
				ASSETCATALOG_COMPILER_GLOBAL_ACCENT_COLOR_NAME = AccentColor;
				CODE_SIGN_STYLE = Automatic;
				CURRENT_PROJECT_VERSION = 1;
				DEVELOPMENT_ASSET_PATHS = "\"Flora's Garden/Preview Content\"";
				DEVELOPMENT_TEAM = 8742X93NKZ;
				ENABLE_PREVIEWS = YES;
				GENERATE_INFOPLIST_FILE = YES;
				INFOPLIST_KEY_UIApplicationSceneManifest_Generation = YES;
				INFOPLIST_KEY_UIApplicationSupportsIndirectInputEvents = YES;
				INFOPLIST_KEY_UILaunchScreen_Generation = YES;
				INFOPLIST_KEY_UISupportedInterfaceOrientations = "UIInterfaceOrientationLandscapeLeft UIInterfaceOrientationLandscapeRight";
				IPHONEOS_DEPLOYMENT_TARGET = 16.0;
				LD_RUNPATH_SEARCH_PATHS = (
					"$(inherited)",
					"@executable_path/Frameworks",
				);
				MARKETING_VERSION = 1.0;
				PRODUCT_BUNDLE_IDENTIFIER = "learning.personal.Flora-s-Garden-1";
				PRODUCT_NAME = "$(TARGET_NAME)";
				SWIFT_EMIT_LOC_STRINGS = YES;
				SWIFT_VERSION = 5.0;
				TARGETED_DEVICE_FAMILY = "1,2";
			};
			name = Debug;
		};
		CC040C602AE1407700D4D2D6 /* Release */ = {
			isa = XCBuildConfiguration;
			buildSettings = {
				ASSETCATALOG_COMPILER_APPICON_NAME = AppIcon;
				ASSETCATALOG_COMPILER_GLOBAL_ACCENT_COLOR_NAME = AccentColor;
				CODE_SIGN_STYLE = Automatic;
				CURRENT_PROJECT_VERSION = 1;
				DEVELOPMENT_ASSET_PATHS = "\"Flora's Garden/Preview Content\"";
				DEVELOPMENT_TEAM = 8742X93NKZ;
				ENABLE_PREVIEWS = YES;
				GENERATE_INFOPLIST_FILE = YES;
				INFOPLIST_KEY_UIApplicationSceneManifest_Generation = YES;
				INFOPLIST_KEY_UIApplicationSupportsIndirectInputEvents = YES;
				INFOPLIST_KEY_UILaunchScreen_Generation = YES;
				INFOPLIST_KEY_UISupportedInterfaceOrientations = "UIInterfaceOrientationLandscapeLeft UIInterfaceOrientationLandscapeRight";
				IPHONEOS_DEPLOYMENT_TARGET = 16.0;
				LD_RUNPATH_SEARCH_PATHS = (
					"$(inherited)",
					"@executable_path/Frameworks",
				);
				MARKETING_VERSION = 1.0;
				PRODUCT_BUNDLE_IDENTIFIER = "learning.personal.Flora-s-Garden-1";
				PRODUCT_NAME = "$(TARGET_NAME)";
				SWIFT_EMIT_LOC_STRINGS = YES;
				SWIFT_VERSION = 5.0;
				TARGETED_DEVICE_FAMILY = "1,2";
			};
			name = Release;
		};
/* End XCBuildConfiguration section */

/* Begin XCConfigurationList section */
		CC040C4B2AE1407600D4D2D6 /* Build configuration list for PBXProject "Flora's Garden" */ = {
			isa = XCConfigurationList;
			buildConfigurations = (
				CC040C5C2AE1407700D4D2D6 /* Debug */,
				CC040C5D2AE1407700D4D2D6 /* Release */,
			);
			defaultConfigurationIsVisible = 0;
			defaultConfigurationName = Release;
		};
		CC040C5E2AE1407700D4D2D6 /* Build configuration list for PBXNativeTarget "Flora's Garden" */ = {
			isa = XCConfigurationList;
			buildConfigurations = (
				CC040C5F2AE1407700D4D2D6 /* Debug */,
				CC040C602AE1407700D4D2D6 /* Release */,
			);
			defaultConfigurationIsVisible = 0;
			defaultConfigurationName = Release;
		};
/* End XCConfigurationList section */
	};
	rootObject = CC040C482AE1407600D4D2D6 /* Project object */;
}
